
Microsoft Visual Studio Solution File, Format Version 12.00
# Visual Studio Version 17
VisualStudioVersion = 17.4.33103.184
MinimumVisualStudioVersion = 10.0.40219.1
Project("{FAE04EC0-301F-11D3-BF4B-00C04F79EFBC}") = "SyntaxHighlightingRepro", "SyntaxHighlightingRepro\SyntaxHighlightingRepro.csproj", "{346BA5BF-0022-48CD-8C41-09322D45BD41}"
EndProject
Global
	GlobalSection(SolutionConfigurationPlatforms) = preSolution
		Debug|Any CPU = Debug|Any CPU
		Release|Any CPU = Release|Any CPU
	EndGlobalSection
	GlobalSection(ProjectConfigurationPlatforms) = postSolution
		{346BA5BF-0022-48CD-8C41-09322D45BD41}.Debug|Any CPU.ActiveCfg = Debug|Any CPU
		{346BA5BF-0022-48CD-8C41-09322D45BD41}.Debug|Any CPU.Build.0 = Debug|Any CPU
		{346BA5BF-0022-48CD-8C41-09322D45BD41}.Release|Any CPU.ActiveCfg = Release|Any CPU
		{346BA5BF-0022-48CD-8C41-09322D45BD41}.Release|Any CPU.Build.0 = Release|Any CPU
	EndGlobalSection
	GlobalSection(SolutionProperties) = preSolution
		HideSolutionNode = FALSE
	EndGlobalSection
	GlobalSection(ExtensibilityGlobals) = postSolution
		SolutionGuid = {946CCE1B-22B6-44AD-83EA-DF15B63F0A30}
	EndGlobalSection
EndGlobal
